{
  "version": 4,
  "terraform_version": "1.10.4",
  "serial": 326,
  "lineage": "dd57dbc7-a789-3dde-f072-3d89570fb43c",
  "outputs": {},
  "resources": [
    {
      "mode": "managed",
      "type": "aws_cloudwatch_event_rule",
      "name": "ec2_running_rule",
      "provider": "provider[\"registry.terraform.io/hashicorp/aws\"]",
      "instances": [
        {
          "schema_version": 1,
          "attributes": {
            "arn": "arn:aws:events:us-east-1:653424960199:rule/EC2InstanceRunningRule",
            "description": "Regra para capturar instancias EC2 que entram no estado 'running'",
            "event_bus_name": "default",
            "event_pattern": "{\"detail\":{\"instance-id\":[{\"exists\":true}],\"platform\":[{\"exists\":false}],\"state\":[\"running\"]},\"detail-type\":[\"EC2 Instance State-change Notification\"],\"source\":[\"aws.ec2\"]}",
            "force_destroy": false,
            "id": "EC2InstanceRunningRule",
            "is_enabled": true,
            "name": "EC2InstanceRunningRule",
            "name_prefix": "",
            "role_arn": "",
            "schedule_expression": "",
            "state": "ENABLED",
            "tags": {},
            "tags_all": {}
          },
          "sensitive_attributes": [],
          "private": "eyJzY2hlbWFfdmVyc2lvbiI6IjEifQ=="
        }
      ]
    },
    {
      "mode": "managed",
      "type": "aws_cloudwatch_event_target",
      "name": "lambda_target",
      "provider": "provider[\"registry.terraform.io/hashicorp/aws\"]",
      "instances": [
        {
          "schema_version": 1,
          "attributes": {
            "appsync_target": [],
            "arn": "arn:aws:lambda:us-east-1:653424960199:function:auto_join_linux_function",
            "batch_target": [],
            "dead_letter_config": [],
            "ecs_target": [],
            "event_bus_name": "default",
            "force_destroy": false,
            "http_target": [],
            "id": "EC2InstanceRunningRule-terraform-20250428233906758200000005",
            "input": "",
            "input_path": "",
            "input_transformer": [],
            "kinesis_target": [],
            "redshift_target": [],
            "retry_policy": [],
            "role_arn": "",
            "rule": "EC2InstanceRunningRule",
            "run_command_targets": [],
            "sagemaker_pipeline_target": [],
            "sqs_target": [],
            "target_id": "terraform-20250428233906758200000005"
          },
          "sensitive_attributes": [],
          "private": "eyJzY2hlbWFfdmVyc2lvbiI6IjEifQ==",
          "dependencies": [
            "aws_cloudwatch_event_rule.ec2_running_rule",
            "aws_iam_role.lambda_role",
            "aws_lambda_function.auto_join_linux_function"
          ]
        }
      ]
    },
    {
      "mode": "managed",
      "type": "aws_cloudwatch_log_group",
      "name": "log_group_lambda",
      "provider": "provider[\"registry.terraform.io/hashicorp/aws\"]",
      "instances": [
        {
          "schema_version": 0,
          "attributes": {
            "arn": "arn:aws:logs:us-east-1:653424960199:log-group:/aws/lambda/auto_join_linux_function",
            "id": "/aws/lambda/auto_join_linux_function",
            "kms_key_id": "",
            "log_group_class": "STANDARD",
            "name": "/aws/lambda/auto_join_linux_function",
            "name_prefix": "",
            "retention_in_days": 5,
            "skip_destroy": false,
            "tags": {},
            "tags_all": {}
          },
          "sensitive_attributes": [],
          "private": "bnVsbA=="
        }
      ]
    },
    {
      "mode": "managed",
      "type": "aws_iam_policy",
      "name": "lambda_logging_policy",
      "provider": "provider[\"registry.terraform.io/hashicorp/aws\"]",
      "instances": [
        {
          "schema_version": 0,
          "attributes": {
            "arn": "arn:aws:iam::653424960199:policy/LambdaLoggingPolicy",
            "attachment_count": 1,
            "description": "Permissões para Lambda enviar logs ao CloudWatch",
            "id": "arn:aws:iam::653424960199:policy/LambdaLoggingPolicy",
            "name": "LambdaLoggingPolicy",
            "name_prefix": "",
            "path": "/",
            "policy": "{\"Statement\":[{\"Action\":[\"logs:CreateLogGroup\",\"logs:CreateLogStream\",\"logs:PutLogEvents\"],\"Effect\":\"Allow\",\"Resource\":\"arn:aws:logs:*:*:*\"}],\"Version\":\"2012-10-17\"}",
            "policy_id": "ANPAZQIZJULD4TBPAAYWW",
            "tags": {},
            "tags_all": {}
          },
          "sensitive_attributes": [],
          "private": "bnVsbA=="
        }
      ]
    },
    {
      "mode": "managed",
      "type": "aws_iam_policy",
      "name": "lambda_vpc_access",
      "provider": "provider[\"registry.terraform.io/hashicorp/aws\"]",
      "instances": [
        {
          "schema_version": 0,
          "attributes": {
            "arn": "arn:aws:iam::653424960199:policy/LambdaVPCAccessPolicy",
            "attachment_count": 1,
            "description": "Policy para permitir que a Lambda acesse a VPC",
            "id": "arn:aws:iam::653424960199:policy/LambdaVPCAccessPolicy",
            "name": "LambdaVPCAccessPolicy",
            "name_prefix": "",
            "path": "/",
            "policy": "{\"Statement\":[{\"Action\":[\"ec2:CreateNetworkInterface\",\"ec2:DescribeNetworkInterfaces\",\"ec2:DeleteNetworkInterface\",\"ec2:DescribeInstances\",\"ec2:DescribeVolumes\",\"ssm:DescribeInstanceInformation\",\"ssm:GetParameter\",\"ssm:ListCommandInvocations\",\"ssm:ListCommands\",\"ssm:SendCommand\"],\"Effect\":\"Allow\",\"Resource\":\"*\"}],\"Version\":\"2012-10-17\"}",
            "policy_id": "ANPAZQIZJULDSXFYBOTG5",
            "tags": {},
            "tags_all": {}
          },
          "sensitive_attributes": [],
          "private": "bnVsbA=="
        }
      ]
    },
    {
      "mode": "managed",
      "type": "aws_iam_policy",
      "name": "ssm_parameter_access",
      "provider": "provider[\"registry.terraform.io/hashicorp/aws\"]",
      "instances": [
        {
          "schema_version": 0,
          "attributes": {
            "arn": "arn:aws:iam::653424960199:policy/EC2SSMParameterAccessPolicy",
            "attachment_count": 1,
            "description": "Allows EC2 to read parameters from the SSM Parameter Store and decrypt using KMS",
            "id": "arn:aws:iam::653424960199:policy/EC2SSMParameterAccessPolicy",
            "name": "EC2SSMParameterAccessPolicy",
            "name_prefix": "",
            "path": "/",
            "policy": "{\"Statement\":[{\"Action\":[\"ssm:GetParameter\",\"ssm:GetParameters\",\"ssm:GetParametersByPath\"],\"Effect\":\"Allow\",\"Resource\":\"*\",\"Sid\":\"AllowSSMParameterRead\"},{\"Action\":[\"kms:Decrypt\"],\"Effect\":\"Allow\",\"Resource\":\"*\",\"Sid\":\"AllowKMSDecrypt\"}],\"Version\":\"2012-10-17\"}",
            "policy_id": "ANPAZQIZJULDUJ65PSJNE",
            "tags": {},
            "tags_all": {}
          },
          "sensitive_attributes": [],
          "private": "bnVsbA=="
        }
      ]
    },
    {
      "mode": "managed",
      "type": "aws_iam_policy_attachment",
      "name": "lambda_policy_execution",
      "provider": "provider[\"registry.terraform.io/hashicorp/aws\"]",
      "instances": [
        {
          "schema_version": 0,
          "attributes": {
            "groups": [],
            "id": "lambda_policy_attachment",
            "name": "lambda_policy_attachment",
            "policy_arn": "arn:aws:iam::aws:policy/service-role/AWSLambdaBasicExecutionRole",
            "roles": [
              "lambda_execution_role_join"
            ],
            "users": []
          },
          "sensitive_attributes": [],
          "private": "bnVsbA==",
          "dependencies": [
            "aws_iam_role.lambda_role"
          ]
        }
      ]
    },
    {
      "mode": "managed",
      "type": "aws_iam_role",
      "name": "ec2_ssm_role",
      "provider": "provider[\"registry.terraform.io/hashicorp/aws\"]",
      "instances": [
        {
          "schema_version": 0,
          "attributes": {
            "arn": "arn:aws:iam::653424960199:role/ec2-ssm-domain-join-role",
            "assume_role_policy": "{\"Statement\":[{\"Action\":\"sts:AssumeRole\",\"Effect\":\"Allow\",\"Principal\":{\"Service\":\"ec2.amazonaws.com\"}}],\"Version\":\"2012-10-17\"}",
            "create_date": "2025-04-28T23:35:05Z",
            "description": "",
            "force_detach_policies": false,
            "id": "ec2-ssm-domain-join-role",
            "inline_policy": [],
            "managed_policy_arns": [
              "arn:aws:iam::653424960199:policy/EC2SSMParameterAccessPolicy",
              "arn:aws:iam::aws:policy/AmazonSSMManagedInstanceCore"
            ],
            "max_session_duration": 3600,
            "name": "ec2-ssm-domain-join-role",
            "name_prefix": "",
            "path": "/",
            "permissions_boundary": "",
            "tags": {},
            "tags_all": {},
            "unique_id": "AROAZQIZJULD2BQNZESQU"
          },
          "sensitive_attributes": [],
          "private": "bnVsbA=="
        }
      ]
    },
    {
      "mode": "managed",
      "type": "aws_iam_role",
      "name": "lambda_role",
      "provider": "provider[\"registry.terraform.io/hashicorp/aws\"]",
      "instances": [
        {
          "schema_version": 0,
          "attributes": {
            "arn": "arn:aws:iam::653424960199:role/lambda_execution_role_join",
            "assume_role_policy": "{\"Statement\":[{\"Action\":\"sts:AssumeRole\",\"Effect\":\"Allow\",\"Principal\":{\"Service\":\"lambda.amazonaws.com\"}}],\"Version\":\"2012-10-17\"}",
            "create_date": "2025-04-28T23:35:05Z",
            "description": "",
            "force_detach_policies": false,
            "id": "lambda_execution_role_join",
            "inline_policy": [],
            "managed_policy_arns": [
              "arn:aws:iam::653424960199:policy/LambdaLoggingPolicy",
              "arn:aws:iam::653424960199:policy/LambdaVPCAccessPolicy",
              "arn:aws:iam::aws:policy/service-role/AWSLambdaBasicExecutionRole"
            ],
            "max_session_duration": 3600,
            "name": "lambda_execution_role_join",
            "name_prefix": "",
            "path": "/",
            "permissions_boundary": "",
            "tags": {},
            "tags_all": {},
            "unique_id": "AROAZQIZJULD6EXOCQSQY"
          },
          "sensitive_attributes": [],
          "private": "bnVsbA=="
        }
      ]
    },
    {
      "mode": "managed",
      "type": "aws_iam_role_policy_attachment",
      "name": "attach_parameter_access",
      "provider": "provider[\"registry.terraform.io/hashicorp/aws\"]",
      "instances": [
        {
          "schema_version": 0,
          "attributes": {
            "id": "ec2-ssm-domain-join-role-20250428233505005700000002",
            "policy_arn": "arn:aws:iam::653424960199:policy/EC2SSMParameterAccessPolicy",
            "role": "ec2-ssm-domain-join-role"
          },
          "sensitive_attributes": [],
          "private": "bnVsbA==",
          "dependencies": [
            "aws_iam_policy.ssm_parameter_access",
            "aws_iam_role.ec2_ssm_role"
          ]
        }
      ]
    },
    {
      "mode": "managed",
      "type": "aws_iam_role_policy_attachment",
      "name": "lambda_logging_attachment",
      "provider": "provider[\"registry.terraform.io/hashicorp/aws\"]",
      "instances": [
        {
          "schema_version": 0,
          "attributes": {
            "id": "lambda_execution_role_join-20250428233504959600000001",
            "policy_arn": "arn:aws:iam::653424960199:policy/LambdaLoggingPolicy",
            "role": "lambda_execution_role_join"
          },
          "sensitive_attributes": [],
          "private": "bnVsbA==",
          "dependencies": [
            "aws_iam_policy.lambda_logging_policy",
            "aws_iam_role.lambda_role"
          ]
        }
      ]
    },
    {
      "mode": "managed",
      "type": "aws_iam_role_policy_attachment",
      "name": "lambda_vpc_access_attach",
      "provider": "provider[\"registry.terraform.io/hashicorp/aws\"]",
      "instances": [
        {
          "schema_version": 0,
          "attributes": {
            "id": "lambda_execution_role_join-20250428233505012000000003",
            "policy_arn": "arn:aws:iam::653424960199:policy/LambdaVPCAccessPolicy",
            "role": "lambda_execution_role_join"
          },
          "sensitive_attributes": [],
          "private": "bnVsbA==",
          "dependencies": [
            "aws_iam_policy.lambda_vpc_access",
            "aws_iam_role.lambda_role"
          ]
        }
      ]
    },
    {
      "mode": "managed",
      "type": "aws_iam_role_policy_attachment",
      "name": "ssm_core",
      "provider": "provider[\"registry.terraform.io/hashicorp/aws\"]",
      "instances": [
        {
          "schema_version": 0,
          "attributes": {
            "id": "ec2-ssm-domain-join-role-20250428233505030200000004",
            "policy_arn": "arn:aws:iam::aws:policy/AmazonSSMManagedInstanceCore",
            "role": "ec2-ssm-domain-join-role"
          },
          "sensitive_attributes": [],
          "private": "bnVsbA==",
          "dependencies": [
            "aws_iam_role.ec2_ssm_role"
          ]
        }
      ]
    },
    {
      "mode": "managed",
      "type": "aws_lambda_function",
      "name": "auto_join_linux_function",
      "provider": "provider[\"registry.terraform.io/hashicorp/aws\"]",
      "instances": [
        {
          "schema_version": 0,
          "attributes": {
            "architectures": [
              "x86_64"
            ],
            "arn": "arn:aws:lambda:us-east-1:653424960199:function:auto_join_linux_function",
            "code_sha256": "cG0dWzgWsDy7Vn+LmjgTNnq5dohKkBfl1nlIwBb5Rrk=",
            "code_signing_config_arn": "",
            "dead_letter_config": [],
            "description": "",
            "environment": [],
            "ephemeral_storage": [
              {
                "size": 512
              }
            ],
            "file_system_config": [],
            "filename": "lambda_function.zip",
            "function_name": "auto_join_linux_function",
            "handler": "lambda_function.lambda_handler",
            "id": "auto_join_linux_function",
            "image_config": [],
            "image_uri": "",
            "invoke_arn": "arn:aws:apigateway:us-east-1:lambda:path/2015-03-31/functions/arn:aws:lambda:us-east-1:653424960199:function:auto_join_linux_function/invocations",
            "kms_key_arn": "",
            "last_modified": "2025-04-28T23:35:15.850+0000",
            "layers": [],
            "logging_config": [
              {
                "application_log_level": "",
                "log_format": "Text",
                "log_group": "/aws/lambda/auto_join_linux_function",
                "system_log_level": ""
              }
            ],
            "memory_size": 128,
            "package_type": "Zip",
            "publish": false,
            "qualified_arn": "arn:aws:lambda:us-east-1:653424960199:function:auto_join_linux_function:$LATEST",
            "qualified_invoke_arn": "arn:aws:apigateway:us-east-1:lambda:path/2015-03-31/functions/arn:aws:lambda:us-east-1:653424960199:function:auto_join_linux_function:$LATEST/invocations",
            "replace_security_groups_on_destroy": null,
            "replacement_security_group_ids": null,
            "reserved_concurrent_executions": -1,
            "role": "arn:aws:iam::653424960199:role/lambda_execution_role_join",
            "runtime": "python3.13",
            "s3_bucket": null,
            "s3_key": null,
            "s3_object_version": null,
            "signing_job_arn": "",
            "signing_profile_version_arn": "",
            "skip_destroy": false,
            "snap_start": [],
            "source_code_hash": "cG0dWzgWsDy7Vn+LmjgTNnq5dohKkBfl1nlIwBb5Rrk=",
            "source_code_size": 1993,
            "tags": {},
            "tags_all": {},
            "timeout": 60,
            "timeouts": null,
            "tracing_config": [
              {
                "mode": "PassThrough"
              }
            ],
            "version": "$LATEST",
            "vpc_config": [
              {
                "ipv6_allowed_for_dual_stack": false,
                "security_group_ids": [
                  "sg-069a9ba503c688b39"
                ],
                "subnet_ids": [
                  "subnet-0cb7b6edb3afad680"
                ],
                "vpc_id": "vpc-001189ce391891183"
              }
            ]
          },
          "sensitive_attributes": [],
          "private": "eyJlMmJmYjczMC1lY2FhLTExZTYtOGY4OC0zNDM2M2JjN2M0YzAiOnsiY3JlYXRlIjo2MDAwMDAwMDAwMDAsImRlbGV0ZSI6NjAwMDAwMDAwMDAwLCJ1cGRhdGUiOjYwMDAwMDAwMDAwMH19",
          "dependencies": [
            "aws_iam_role.lambda_role"
          ]
        }
      ]
    },
    {
      "mode": "managed",
      "type": "aws_lambda_permission",
      "name": "allow_eventbridge",
      "provider": "provider[\"registry.terraform.io/hashicorp/aws\"]",
      "instances": [
        {
          "schema_version": 0,
          "attributes": {
            "action": "lambda:InvokeFunction",
            "event_source_token": null,
            "function_name": "auto_join_linux_function",
            "function_url_auth_type": null,
            "id": "AllowExecutionFromEventBridge",
            "principal": "events.amazonaws.com",
            "principal_org_id": null,
            "qualifier": "",
            "source_account": null,
            "source_arn": "arn:aws:events:us-east-1:653424960199:rule/EC2InstanceRunningRule",
            "statement_id": "AllowExecutionFromEventBridge",
            "statement_id_prefix": ""
          },
          "sensitive_attributes": [],
          "private": "bnVsbA==",
          "dependencies": [
            "aws_cloudwatch_event_rule.ec2_running_rule",
            "aws_iam_role.lambda_role",
            "aws_lambda_function.auto_join_linux_function"
          ]
        }
      ]
    },
    {
      "mode": "managed",
      "type": "aws_ssm_document",
      "name": "aws_join_linux",
      "provider": "provider[\"registry.terraform.io/hashicorp/aws\"]",
      "instances": [
        {
          "schema_version": 0,
          "attributes": {
            "arn": "arn:aws:ssm:us-east-1:653424960199:document/aws_join_linux",
            "attachments_source": [],
            "content": "{\n  \"schemaVersion\": \"2.2\",\n  \"description\": \"Join a Linux instance to Active Directory, configure SSH access and sudo permissions\",\n  \"parameters\": {},\n  \"mainSteps\": [\n    {\n      \"action\": \"aws:runShellScript\",\n      \"name\": \"JoinDomainAndConfigureSSH\",\n      \"inputs\": {\n        \"runCommand\": [\n          \"set -e\",\n          \"echo \\\"[1/8] Fetching variables from AWS SSM...\\\"\",\n          \"DOMAIN=$$(aws ssm get-parameter --name DOMAIN --query \\\\\\\"Parameter.Value\\\\\\\" --output text)\",\n          \"DOMAIN_USER=$$(aws ssm get-parameter --name DOMAIN_USER --query \\\\\\\"Parameter.Value\\\\\\\" --output text)\",\n          \"DOMAIN_PASS=$$(aws ssm get-parameter --name DOMAIN_PASS --with-decryption --query \\\\\\\"Parameter.Value\\\\\\\" --output text)\",\n          \"DOMAIN_GROUP=$$(aws ssm get-parameter --name DOMAIN_GROUP --query \\\\\\\"Parameter.Value\\\\\\\" --output text)\",\n          \"SSHD_CONFIG=\\\"/etc/ssh/sshd_config\\\"\",\n          \"SSSD_CONFIG=\\\"/etc/sssd/sssd.conf\\\"\",\n          \"REALM_UPPER=$$(echo \\\"$$DOMAIN\\\" | tr '[:lower:]' '[:upper:]')\",\n          \"\",\n          \"echo \\\"[2/8] Installing required packages...\\\"\",\n          \"dnf install -y realmd sssd oddjob oddjob-mkhomedir adcli samba-common samba-common-tools krb5-workstation openldap-clients\",\n          \"\",\n          \"echo \\\"[3/8] Joining domain $$DOMAIN as $$DOMAIN_USER...\\\"\",\n          \"echo \\\"$$DOMAIN_PASS\\\" | realm join --user=\\\"$$DOMAIN_USER\\\" \\\"$$DOMAIN\\\"\",\n          \"realm discover\",\n          \"\",\n          \"echo \\\"[4/8] Backing up current configuration files...\\\"\",\n          \"cp \\\"$$SSSD_CONFIG\\\" \\\"$$SSSD_CONFIG.bak_$$(date +%F_%H%M%S)\\\" 2\u003e/dev/null || true\",\n          \"cp \\\"$$SSHD_CONFIG\\\" \\\"$$SSHD_CONFIG.bak_$$(date +%F_%H%M%S)\\\" 2\u003e/dev/null || true\",\n          \"\",\n          \"echo \\\"[5/8] Restarting the services...\\\"\",\n          \"systemctl restart sssd\",\n          \"systemctl restart sshd\",\n          \"\",\n          \"echo \\\"[6/8] Creating new sssd.conf...\\\"\",\n          \"cat \u003c\u003cEOF \u003e \\\"$$SSSD_CONFIG\\\"\",\n          \"[sssd]\",\n          \"domains = $$DOMAIN\",\n          \"config_file_version = 2\",\n          \"services = nss, pam\",\n          \"\",\n          \"[domain/$$DOMAIN]\",\n          \"default_shell = /bin/bash\",\n          \"krb5_store_password_if_offline = True\",\n          \"cache_credentials = True\",\n          \"krb5_realm = $$REALM_UPPER\",\n          \"realmd_tags = manages-system joined-with-adcli\",\n          \"id_provider = ad\",\n          \"fallback_homedir = /home/%u\",\n          \"ad_domain = $$DOMAIN\",\n          \"use_fully_qualified_names = False\",\n          \"ldap_id_mapping = True\",\n          \"access_provider = simple\",\n          \"simple_allow_groups = $$DOMAIN_GROUP\",\n          \"\",\n          \"[pam]\",\n          \"pam_mkhomedir = true\",\n          \"EOF\",\n          \"\",\n          \"chmod 600 \\\"$$SSSD_CONFIG\\\"\",\n          \"\",\n          \"echo \\\"[7/8] Updating SSH configuration...\\\"\",\n          \"sed -i 's/^#\\\\?PasswordAuthentication.*/PasswordAuthentication yes/' \\\"$$SSHD_CONFIG\\\"\",\n          \"if grep -q \\\"^AllowGroups\\\" \\\"$$SSHD_CONFIG\\\"; then\",\n          \"  sed -i \\\"s/^AllowGroups.*/AllowGroups $$DOMAIN_GROUP/\\\" \\\"$$SSHD_CONFIG\\\"\",\n          \"else\",\n          \"  echo \\\"AllowGroups $$DOMAIN_GROUP\\\" \u003e\u003e \\\"$$SSHD_CONFIG\\\"\",\n          \"fi\",\n          \"grep -q \\\"^ChallengeResponseAuthentication\\\" \\\"$$SSHD_CONFIG\\\" || echo \\\"ChallengeResponseAuthentication yes\\\" \u003e\u003e \\\"$$SSHD_CONFIG\\\"\",\n          \"grep -q \\\"^UsePAM\\\" \\\"$$SSHD_CONFIG\\\" || echo \\\"UsePAM yes\\\" \u003e\u003e \\\"$$SSHD_CONFIG\\\"\",\n          \"\",\n          \"echo \\\"[8/8] Starting services...\\\"\",\n          \"systemctl start sssd\",\n          \"systemctl start sshd\",\n          \"\",\n          \"echo \\\"[9/8] Granting sudo permissions to AD group...\\\"\",\n          \"echo \\\"%$$DOMAIN_GROUP ALL=(ALL) ALL\\\" \u003e /etc/sudoers.d/$$DOMAIN_GROUP\",\n          \"chmod 440 /etc/sudoers.d/$$DOMAIN_GROUP\",\n          \"\",\n          \"echo \\\"Domain join completed. SSH and sudo access granted to AD group: $$DOMAIN_GROUP\\\"\"\n        ]\n      }\n    }\n  ]\n}\n",
            "created_date": "2025-04-28T23:35:05Z",
            "default_version": "1",
            "description": "Join a Linux instance to Active Directory, configure SSH access and sudo permissions",
            "document_format": "JSON",
            "document_type": "Command",
            "document_version": "1",
            "hash": "5b6317a792393ce5bfebffb1cdf9875a0ddaabdb20752d82076c60be322956ee",
            "hash_type": "Sha256",
            "id": "aws_join_linux",
            "latest_version": "1",
            "name": "aws_join_linux",
            "owner": "653424960199",
            "parameter": [],
            "permissions": {},
            "platform_types": [
              "Linux",
              "MacOS"
            ],
            "schema_version": "2.2",
            "status": "Active",
            "tags": {},
            "tags_all": {},
            "target_type": "",
            "version_name": ""
          },
          "sensitive_attributes": [],
          "private": "bnVsbA=="
        }
      ]
    },
    {
      "mode": "managed",
      "type": "aws_ssm_parameter",
      "name": "DOMAIN",
      "provider": "provider[\"registry.terraform.io/hashicorp/aws\"]",
      "instances": [
        {
          "schema_version": 0,
          "attributes": {
            "allowed_pattern": "",
            "arn": "arn:aws:ssm:us-east-1:653424960199:parameter/DOMAIN",
            "data_type": "text",
            "description": "",
            "has_value_wo": null,
            "id": "DOMAIN",
            "insecure_value": null,
            "key_id": "",
            "name": "DOMAIN",
            "overwrite": null,
            "tags": {},
            "tags_all": {},
            "tier": "Standard",
            "type": "String",
            "value": "your_domain",
            "value_wo": null,
            "value_wo_version": null,
            "version": 1
          },
          "sensitive_attributes": [
            [
              {
                "type": "get_attr",
                "value": "value_wo"
              }
            ],
            [
              {
                "type": "get_attr",
                "value": "value"
              }
            ]
          ],
          "private": "bnVsbA=="
        }
      ]
    },
    {
      "mode": "managed",
      "type": "aws_ssm_parameter",
      "name": "DOMAIN_GROUP",
      "provider": "provider[\"registry.terraform.io/hashicorp/aws\"]",
      "instances": [
        {
          "schema_version": 0,
          "attributes": {
            "allowed_pattern": "",
            "arn": "arn:aws:ssm:us-east-1:653424960199:parameter/DOMAIN_PASS",
            "data_type": "text",
            "description": "",
            "has_value_wo": null,
            "id": "DOMAIN_PASS",
            "insecure_value": null,
            "key_id": "alias/aws/ssm",
            "name": "DOMAIN_PASS",
            "overwrite": null,
            "tags": {},
            "tags_all": {},
            "tier": "Standard",
            "type": "SecureString",
            "value": "ad_group",
            "value_wo": null,
            "value_wo_version": null,
            "version": 1
          },
          "sensitive_attributes": [
            [
              {
                "type": "get_attr",
                "value": "value_wo"
              }
            ],
            [
              {
                "type": "get_attr",
                "value": "value"
              }
            ]
          ],
          "private": "bnVsbA=="
        }
      ]
    },
    {
      "mode": "managed",
      "type": "aws_ssm_parameter",
      "name": "DOMAIN_USER",
      "provider": "provider[\"registry.terraform.io/hashicorp/aws\"]",
      "instances": [
        {
          "schema_version": 0,
          "attributes": {
            "allowed_pattern": "",
            "arn": "arn:aws:ssm:us-east-1:653424960199:parameter/DOMAIN_USER",
            "data_type": "text",
            "description": "",
            "has_value_wo": null,
            "id": "DOMAIN_USER",
            "insecure_value": null,
            "key_id": "",
            "name": "DOMAIN_USER",
            "overwrite": null,
            "tags": {},
            "tags_all": {},
            "tier": "Standard",
            "type": "String",
            "value": "user",
            "value_wo": null,
            "value_wo_version": null,
            "version": 1
          },
          "sensitive_attributes": [
            [
              {
                "type": "get_attr",
                "value": "value"
              }
            ],
            [
              {
                "type": "get_attr",
                "value": "value_wo"
              }
            ]
          ],
          "private": "bnVsbA=="
        }
      ]
    }
  ],
  "check_results": null
}
